// !$*UTF8*$!
{
	archiveVersion = 1;
	classes = {
	};
	objectVersion = 52;
	objects = {

/* Begin PBXBuildFile section */
		ADAA27B1231BBFAF00365194 /* AppDelegate.swift in Sources */ = {isa = PBXBuildFile; fileRef = ADAA27B0231BBFAF00365194 /* AppDelegate.swift */; };
		ADAA27B3231BBFAF00365194 /* SceneDelegate.swift in Sources */ = {isa = PBXBuildFile; fileRef = ADAA27B2231BBFAF00365194 /* SceneDelegate.swift */; };
		ADAA27B5231BBFAF00365194 /* WeatherViewController.swift in Sources */ = {isa = PBXBuildFile; fileRef = ADAA27B4231BBFAF00365194 /* WeatherViewController.swift */; };
		ADAA27BA231BBFB300365194 /* Assets.xcassets in Resources */ = {isa = PBXBuildFile; fileRef = ADAA27B9231BBFB300365194 /* Assets.xcassets */; };
		ADAA27BD231BBFB300365194 /* LaunchScreen.storyboard in Resources */ = {isa = PBXBuildFile; fileRef = ADAA27BB231BBFB300365194 /* LaunchScreen.storyboard */; };
		ADAA27C6231BC02C00365194 /* light_background.pdf in Resources */ = {isa = PBXBuildFile; fileRef = ADAA27C4231BC02B00365194 /* light_background.pdf */; };
		ADAA27C7231BC02C00365194 /* dark_background.pdf in Resources */ = {isa = PBXBuildFile; fileRef = ADAA27C5231BC02B00365194 /* dark_background.pdf */; };
		ADAA27CE231BC87F00365194 /* README.md in Resources */ = {isa = PBXBuildFile; fileRef = ADAA27CD231BC87F00365194 /* README.md */; };
		E629D06A266F6EAB00F8EDD9 /* Coordinator.swift in Sources */ = {isa = PBXBuildFile; fileRef = E629D069266F6EAB00F8EDD9 /* Coordinator.swift */; };
		E629D06C266F702400F8EDD9 /* WeatherViewCoordinator.swift in Sources */ = {isa = PBXBuildFile; fileRef = E629D06B266F702400F8EDD9 /* WeatherViewCoordinator.swift */; };
		E629D06E266F70AA00F8EDD9 /* WeatherView.swift in Sources */ = {isa = PBXBuildFile; fileRef = E629D06D266F70AA00F8EDD9 /* WeatherView.swift */; };
		E629D071266F740800F8EDD9 /* AutolayoutExtensions in Frameworks */ = {isa = PBXBuildFile; productRef = E629D070266F740800F8EDD9 /* AutolayoutExtensions */; };
		E629D074266F749600F8EDD9 /* WeatherHeaderView.swift in Sources */ = {isa = PBXBuildFile; fileRef = E629D073266F749600F8EDD9 /* WeatherHeaderView.swift */; };
		E629D076266F7F3B00F8EDD9 /* AssetImagesNames.swift in Sources */ = {isa = PBXBuildFile; fileRef = E629D075266F7F3B00F8EDD9 /* AssetImagesNames.swift */; };
		E629D0792670CEB900F8EDD9 /* WeatherViewPreview.swift in Sources */ = {isa = PBXBuildFile; fileRef = E629D0782670CEB900F8EDD9 /* WeatherViewPreview.swift */; };
		E641589B2674D0FA0054E0CC /* Extensions.swift in Sources */ = {isa = PBXBuildFile; fileRef = E641589A2674D0FA0054E0CC /* Extensions.swift */; };
		E64158A1267612340054E0CC /* WeatherEndpoint.swift in Sources */ = {isa = PBXBuildFile; fileRef = E64158A0267612340054E0CC /* WeatherEndpoint.swift */; };
		E64158A3267616F50054E0CC /* City.swift in Sources */ = {isa = PBXBuildFile; fileRef = E64158A2267616F50054E0CC /* City.swift */; };
		E64158A8267619BE0054E0CC /* WeatherTemperatureOption.swift in Sources */ = {isa = PBXBuildFile; fileRef = E64158A7267619BE0054E0CC /* WeatherTemperatureOption.swift */; };
		E64158AB26761C640054E0CC /* WeatherAPIService.swift in Sources */ = {isa = PBXBuildFile; fileRef = E64158AA26761C640054E0CC /* WeatherAPIService.swift */; };
		E64158AD267630D80054E0CC /* LanguageCode.swift in Sources */ = {isa = PBXBuildFile; fileRef = E64158AC267630D80054E0CC /* LanguageCode.swift */; };
		E64158AF267638E10054E0CC /* WeatherViewModel.swift in Sources */ = {isa = PBXBuildFile; fileRef = E64158AE267638E10054E0CC /* WeatherViewModel.swift */; };
		E689DB292677688600E6E635 /* NetworkLibrary in Frameworks */ = {isa = PBXBuildFile; productRef = E689DB282677688600E6E635 /* NetworkLibrary */; };
		E68DC4262676736500DC03BD /* CityWeatherResponse.swift in Sources */ = {isa = PBXBuildFile; fileRef = E68DC4252676736500DC03BD /* CityWeatherResponse.swift */; };
/* End PBXBuildFile section */

/* Begin PBXFileReference section */
		ADAA27AD231BBFAF00365194 /* Clima.app */ = {isa = PBXFileReference; explicitFileType = wrapper.application; includeInIndex = 0; path = Clima.app; sourceTree = BUILT_PRODUCTS_DIR; };
		ADAA27B0231BBFAF00365194 /* AppDelegate.swift */ = {isa = PBXFileReference; lastKnownFileType = sourcecode.swift; path = AppDelegate.swift; sourceTree = "<group>"; };
		ADAA27B2231BBFAF00365194 /* SceneDelegate.swift */ = {isa = PBXFileReference; lastKnownFileType = sourcecode.swift; path = SceneDelegate.swift; sourceTree = "<group>"; };
		ADAA27B4231BBFAF00365194 /* WeatherViewController.swift */ = {isa = PBXFileReference; lastKnownFileType = sourcecode.swift; path = WeatherViewController.swift; sourceTree = "<group>"; };
		ADAA27B9231BBFB300365194 /* Assets.xcassets */ = {isa = PBXFileReference; lastKnownFileType = folder.assetcatalog; path = Assets.xcassets; sourceTree = "<group>"; };
		ADAA27BC231BBFB300365194 /* Base */ = {isa = PBXFileReference; lastKnownFileType = file.storyboard; name = Base; path = Base.lproj/LaunchScreen.storyboard; sourceTree = "<group>"; };
		ADAA27BE231BBFB300365194 /* Info.plist */ = {isa = PBXFileReference; lastKnownFileType = text.plist.xml; path = Info.plist; sourceTree = "<group>"; };
		ADAA27C4231BC02B00365194 /* light_background.pdf */ = {isa = PBXFileReference; lastKnownFileType = image.pdf; path = light_background.pdf; sourceTree = "<group>"; };
		ADAA27C5231BC02B00365194 /* dark_background.pdf */ = {isa = PBXFileReference; lastKnownFileType = image.pdf; path = dark_background.pdf; sourceTree = "<group>"; };
		ADAA27CD231BC87F00365194 /* README.md */ = {isa = PBXFileReference; fileEncoding = 4; lastKnownFileType = net.daringfireball.markdown; path = README.md; sourceTree = "<group>"; };
		E629D069266F6EAB00F8EDD9 /* Coordinator.swift */ = {isa = PBXFileReference; lastKnownFileType = sourcecode.swift; path = Coordinator.swift; sourceTree = "<group>"; };
		E629D06B266F702400F8EDD9 /* WeatherViewCoordinator.swift */ = {isa = PBXFileReference; lastKnownFileType = sourcecode.swift; path = WeatherViewCoordinator.swift; sourceTree = "<group>"; };
		E629D06D266F70AA00F8EDD9 /* WeatherView.swift */ = {isa = PBXFileReference; lastKnownFileType = sourcecode.swift; path = WeatherView.swift; sourceTree = "<group>"; };
		E629D073266F749600F8EDD9 /* WeatherHeaderView.swift */ = {isa = PBXFileReference; lastKnownFileType = sourcecode.swift; path = WeatherHeaderView.swift; sourceTree = "<group>"; };
		E629D075266F7F3B00F8EDD9 /* AssetImagesNames.swift */ = {isa = PBXFileReference; lastKnownFileType = sourcecode.swift; path = AssetImagesNames.swift; sourceTree = "<group>"; };
		E629D0782670CEB900F8EDD9 /* WeatherViewPreview.swift */ = {isa = PBXFileReference; lastKnownFileType = sourcecode.swift; path = WeatherViewPreview.swift; sourceTree = "<group>"; };
		E641589A2674D0FA0054E0CC /* Extensions.swift */ = {isa = PBXFileReference; lastKnownFileType = sourcecode.swift; path = Extensions.swift; sourceTree = "<group>"; };
		E64158A0267612340054E0CC /* WeatherEndpoint.swift */ = {isa = PBXFileReference; lastKnownFileType = sourcecode.swift; path = WeatherEndpoint.swift; sourceTree = "<group>"; };
		E64158A2267616F50054E0CC /* City.swift */ = {isa = PBXFileReference; lastKnownFileType = sourcecode.swift; path = City.swift; sourceTree = "<group>"; };
		E64158A7267619BE0054E0CC /* WeatherTemperatureOption.swift */ = {isa = PBXFileReference; lastKnownFileType = sourcecode.swift; path = WeatherTemperatureOption.swift; sourceTree = "<group>"; };
		E64158AA26761C640054E0CC /* WeatherAPIService.swift */ = {isa = PBXFileReference; lastKnownFileType = sourcecode.swift; path = WeatherAPIService.swift; sourceTree = "<group>"; };
		E64158AC267630D80054E0CC /* LanguageCode.swift */ = {isa = PBXFileReference; lastKnownFileType = sourcecode.swift; path = LanguageCode.swift; sourceTree = "<group>"; };
		E64158AE267638E10054E0CC /* WeatherViewModel.swift */ = {isa = PBXFileReference; lastKnownFileType = sourcecode.swift; path = WeatherViewModel.swift; sourceTree = "<group>"; };
		E68DC4252676736500DC03BD /* CityWeatherResponse.swift */ = {isa = PBXFileReference; lastKnownFileType = sourcecode.swift; path = CityWeatherResponse.swift; sourceTree = "<group>"; };
/* End PBXFileReference section */

/* Begin PBXFrameworksBuildPhase section */
		ADAA27AA231BBFAF00365194 /* Frameworks */ = {
			isa = PBXFrameworksBuildPhase;
			buildActionMask = 2147483647;
			files = (
				E629D071266F740800F8EDD9 /* AutolayoutExtensions in Frameworks */,
				E689DB292677688600E6E635 /* NetworkLibrary in Frameworks */,
			);
			runOnlyForDeploymentPostprocessing = 0;
		};
/* End PBXFrameworksBuildPhase section */

/* Begin PBXGroup section */
		ADAA27A4231BBFAF00365194 = {
			isa = PBXGroup;
			children = (
				ADAA27CD231BC87F00365194 /* README.md */,
				ADAA27AF231BBFAF00365194 /* Clima */,
				ADAA27AE231BBFAF00365194 /* Products */,
			);
			sourceTree = "<group>";
		};
		ADAA27AE231BBFAF00365194 /* Products */ = {
			isa = PBXGroup;
			children = (
				ADAA27AD231BBFAF00365194 /* Clima.app */,
			);
			name = Products;
			sourceTree = "<group>";
		};
		ADAA27AF231BBFAF00365194 /* Clima */ = {
			isa = PBXGroup;
			children = (
				E67D6043266F6DF2002D9141 /* Support */,
				E629D068266F6E7D00F8EDD9 /* Coordinator */,
				E641589C26760A600054E0CC /* Network */,
				E629D066266F6E6100F8EDD9 /* Model */,
				ADAA27C9231BC3F200365194 /* View */,
				E629D067266F6E6C00F8EDD9 /* ViewModel */,
				ADAA27BE231BBFB300365194 /* Info.plist */,
			);
			path = Clima;
			sourceTree = "<group>";
		};
		ADAA27C8231BC3E500365194 /* Controller */ = {
			isa = PBXGroup;
			children = (
				ADAA27B4231BBFAF00365194 /* WeatherViewController.swift */,
			);
			path = Controller;
			sourceTree = "<group>";
		};
		ADAA27C9231BC3F200365194 /* View */ = {
			isa = PBXGroup;
			children = (
				E629D0772670CE9600F8EDD9 /* Preview */,
				E629D065266F6E5C00F8EDD9 /* View */,
				ADAA27C8231BC3E500365194 /* Controller */,
				E629D075266F7F3B00F8EDD9 /* AssetImagesNames.swift */,
			);
			path = View;
			sourceTree = "<group>";
		};
		E629D065266F6E5C00F8EDD9 /* View */ = {
			isa = PBXGroup;
			children = (
				E629D072266F747800F8EDD9 /* WeatherView */,
			);
			path = View;
			sourceTree = "<group>";
		};
		E629D066266F6E6100F8EDD9 /* Model */ = {
			isa = PBXGroup;
			children = (
				E641589A2674D0FA0054E0CC /* Extensions.swift */,
				E64158A2267616F50054E0CC /* City.swift */,
			);
			path = Model;
			sourceTree = "<group>";
		};
		E629D067266F6E6C00F8EDD9 /* ViewModel */ = {
			isa = PBXGroup;
			children = (
				E64158AE267638E10054E0CC /* WeatherViewModel.swift */,
			);
			path = ViewModel;
			sourceTree = "<group>";
		};
		E629D068266F6E7D00F8EDD9 /* Coordinator */ = {
			isa = PBXGroup;
			children = (
				E629D069266F6EAB00F8EDD9 /* Coordinator.swift */,
				E629D06B266F702400F8EDD9 /* WeatherViewCoordinator.swift */,
			);
			path = Coordinator;
			sourceTree = "<group>";
		};
		E629D072266F747800F8EDD9 /* WeatherView */ = {
			isa = PBXGroup;
			children = (
				E629D06D266F70AA00F8EDD9 /* WeatherView.swift */,
				E629D073266F749600F8EDD9 /* WeatherHeaderView.swift */,
			);
			path = WeatherView;
			sourceTree = "<group>";
		};
		E629D0772670CE9600F8EDD9 /* Preview */ = {
			isa = PBXGroup;
			children = (
				E629D0782670CEB900F8EDD9 /* WeatherViewPreview.swift */,
			);
			path = Preview;
			sourceTree = "<group>";
		};
		E641589C26760A600054E0CC /* Network */ = {
			isa = PBXGroup;
			children = (
				E641589F267612220054E0CC /* Endpoints */,
				E64158A4267617670054E0CC /* Model */,
				E64158A926761C350054E0CC /* Service */,
			);
			path = Network;
			sourceTree = "<group>";
		};
		E641589F267612220054E0CC /* Endpoints */ = {
			isa = PBXGroup;
			children = (
				E64158A0267612340054E0CC /* WeatherEndpoint.swift */,
			);
			path = Endpoints;
			sourceTree = "<group>";
		};
		E64158A4267617670054E0CC /* Model */ = {
			isa = PBXGroup;
			children = (
				E68DC4242676734A00DC03BD /* JsonResponse */,
				E64158A7267619BE0054E0CC /* WeatherTemperatureOption.swift */,
				E64158AC267630D80054E0CC /* LanguageCode.swift */,
			);
			path = Model;
			sourceTree = "<group>";
		};
		E64158A926761C350054E0CC /* Service */ = {
			isa = PBXGroup;
			children = (
				E64158AA26761C640054E0CC /* WeatherAPIService.swift */,
			);
			path = Service;
			sourceTree = "<group>";
		};
		E67D6043266F6DF2002D9141 /* Support */ = {
			isa = PBXGroup;
			children = (
				ADAA27B0231BBFAF00365194 /* AppDelegate.swift */,
				ADAA27B2231BBFAF00365194 /* SceneDelegate.swift */,
				ADAA27B9231BBFB300365194 /* Assets.xcassets */,
				ADAA27BB231BBFB300365194 /* LaunchScreen.storyboard */,
				ADAA27C5231BC02B00365194 /* dark_background.pdf */,
				ADAA27C4231BC02B00365194 /* light_background.pdf */,
			);
			path = Support;
			sourceTree = "<group>";
		};
		E68DC4242676734A00DC03BD /* JsonResponse */ = {
			isa = PBXGroup;
			children = (
				E68DC4252676736500DC03BD /* CityWeatherResponse.swift */,
			);
			path = JsonResponse;
			sourceTree = "<group>";
		};
/* End PBXGroup section */

/* Begin PBXNativeTarget section */
		ADAA27AC231BBFAF00365194 /* Clima */ = {
			isa = PBXNativeTarget;
			buildConfigurationList = ADAA27C1231BBFB300365194 /* Build configuration list for PBXNativeTarget "Clima" */;
			buildPhases = (
				ADAA27A9231BBFAF00365194 /* Sources */,
				ADAA27AA231BBFAF00365194 /* Frameworks */,
				ADAA27AB231BBFAF00365194 /* Resources */,
			);
			buildRules = (
			);
			dependencies = (
			);
			name = Clima;
			packageProductDependencies = (
				E629D070266F740800F8EDD9 /* AutolayoutExtensions */,
				E689DB282677688600E6E635 /* NetworkLibrary */,
			);
			productName = Clima;
			productReference = ADAA27AD231BBFAF00365194 /* Clima.app */;
			productType = "com.apple.product-type.application";
		};
/* End PBXNativeTarget section */

/* Begin PBXProject section */
		ADAA27A5231BBFAF00365194 /* Project object */ = {
			isa = PBXProject;
			attributes = {
				LastSwiftUpdateCheck = 1100;
				LastUpgradeCheck = 1250;
				ORGANIZATIONNAME = "";
				TargetAttributes = {
					ADAA27AC231BBFAF00365194 = {
						CreatedOnToolsVersion = 11.0;
					};
				};
			};
			buildConfigurationList = ADAA27A8231BBFAF00365194 /* Build configuration list for PBXProject "Clima" */;
			compatibilityVersion = "Xcode 9.3";
			developmentRegion = en;
			hasScannedForEncodings = 0;
			knownRegions = (
				en,
				Base,
			);
			mainGroup = ADAA27A4231BBFAF00365194;
			packageReferences = (
				E629D06F266F740800F8EDD9 /* XCRemoteSwiftPackageReference "AutolayoutExtensions" */,
				E689DB272677688600E6E635 /* XCRemoteSwiftPackageReference "NetworkLibrary" */,
			);
			productRefGroup = ADAA27AE231BBFAF00365194 /* Products */;
			projectDirPath = "";
			projectRoot = "";
			targets = (
				ADAA27AC231BBFAF00365194 /* Clima */,
			);
		};
/* End PBXProject section */

/* Begin PBXResourcesBuildPhase section */
		ADAA27AB231BBFAF00365194 /* Resources */ = {
			isa = PBXResourcesBuildPhase;
			buildActionMask = 2147483647;
			files = (
				ADAA27CE231BC87F00365194 /* README.md in Resources */,
				ADAA27C7231BC02C00365194 /* dark_background.pdf in Resources */,
				ADAA27BD231BBFB300365194 /* LaunchScreen.storyboard in Resources */,
				ADAA27BA231BBFB300365194 /* Assets.xcassets in Resources */,
				ADAA27C6231BC02C00365194 /* light_background.pdf in Resources */,
			);
			runOnlyForDeploymentPostprocessing = 0;
		};
/* End PBXResourcesBuildPhase section */

/* Begin PBXSourcesBuildPhase section */
		ADAA27A9231BBFAF00365194 /* Sources */ = {
			isa = PBXSourcesBuildPhase;
			buildActionMask = 2147483647;
			files = (
				E629D06A266F6EAB00F8EDD9 /* Coordinator.swift in Sources */,
				E64158AF267638E10054E0CC /* WeatherViewModel.swift in Sources */,
				ADAA27B5231BBFAF00365194 /* WeatherViewController.swift in Sources */,
				E629D074266F749600F8EDD9 /* WeatherHeaderView.swift in Sources */,
				E64158AD267630D80054E0CC /* LanguageCode.swift in Sources */,
				E629D076266F7F3B00F8EDD9 /* AssetImagesNames.swift in Sources */,
				E64158A1267612340054E0CC /* WeatherEndpoint.swift in Sources */,
				E68DC4262676736500DC03BD /* CityWeatherResponse.swift in Sources */,
				ADAA27B1231BBFAF00365194 /* AppDelegate.swift in Sources */,
				E641589B2674D0FA0054E0CC /* Extensions.swift in Sources */,
				E629D06E266F70AA00F8EDD9 /* WeatherView.swift in Sources */,
				ADAA27B3231BBFAF00365194 /* SceneDelegate.swift in Sources */,
				E629D06C266F702400F8EDD9 /* WeatherViewCoordinator.swift in Sources */,
				E64158A3267616F50054E0CC /* City.swift in Sources */,
				E64158AB26761C640054E0CC /* WeatherAPIService.swift in Sources */,
				E629D0792670CEB900F8EDD9 /* WeatherViewPreview.swift in Sources */,
				E64158A8267619BE0054E0CC /* WeatherTemperatureOption.swift in Sources */,
			);
			runOnlyForDeploymentPostprocessing = 0;
		};
/* End PBXSourcesBuildPhase section */

/* Begin PBXVariantGroup section */
		ADAA27BB231BBFB300365194 /* LaunchScreen.storyboard */ = {
			isa = PBXVariantGroup;
			children = (
				ADAA27BC231BBFB300365194 /* Base */,
			);
			name = LaunchScreen.storyboard;
			sourceTree = "<group>";
		};
/* End PBXVariantGroup section */

/* Begin XCBuildConfiguration section */
		ADAA27BF231BBFB300365194 /* Debug */ = {
			isa = XCBuildConfiguration;
			buildSettings = {
				ALWAYS_SEARCH_USER_PATHS = NO;
				CLANG_ANALYZER_NONNULL = YES;
				CLANG_ANALYZER_NUMBER_OBJECT_CONVERSION = YES_AGGRESSIVE;
				CLANG_CXX_LANGUAGE_STANDARD = "gnu++14";
				CLANG_CXX_LIBRARY = "libc++";
				CLANG_ENABLE_MODULES = YES;
				CLANG_ENABLE_OBJC_ARC = YES;
				CLANG_ENABLE_OBJC_WEAK = YES;
				CLANG_WARN_BLOCK_CAPTURE_AUTORELEASING = YES;
				CLANG_WARN_BOOL_CONVERSION = YES;
				CLANG_WARN_COMMA = YES;
				CLANG_WARN_CONSTANT_CONVERSION = YES;
				CLANG_WARN_DEPRECATED_OBJC_IMPLEMENTATIONS = YES;
				CLANG_WARN_DIRECT_OBJC_ISA_USAGE = YES_ERROR;
				CLANG_WARN_DOCUMENTATION_COMMENTS = YES;
				CLANG_WARN_EMPTY_BODY = YES;
				CLANG_WARN_ENUM_CONVERSION = YES;
				CLANG_WARN_INFINITE_RECURSION = YES;
				CLANG_WARN_INT_CONVERSION = YES;
				CLANG_WARN_NON_LITERAL_NULL_CONVERSION = YES;
				CLANG_WARN_OBJC_IMPLICIT_RETAIN_SELF = YES;
				CLANG_WARN_OBJC_LITERAL_CONVERSION = YES;
				CLANG_WARN_OBJC_ROOT_CLASS = YES_ERROR;
				CLANG_WARN_QUOTED_INCLUDE_IN_FRAMEWORK_HEADER = YES;
				CLANG_WARN_RANGE_LOOP_ANALYSIS = YES;
				CLANG_WARN_STRICT_PROTOTYPES = YES;
				CLANG_WARN_SUSPICIOUS_MOVE = YES;
				CLANG_WARN_UNGUARDED_AVAILABILITY = YES_AGGRESSIVE;
				CLANG_WARN_UNREACHABLE_CODE = YES;
				CLANG_WARN__DUPLICATE_METHOD_MATCH = YES;
				COPY_PHASE_STRIP = NO;
				DEBUG_INFORMATION_FORMAT = dwarf;
				ENABLE_STRICT_OBJC_MSGSEND = YES;
				ENABLE_TESTABILITY = YES;
				GCC_C_LANGUAGE_STANDARD = gnu11;
				GCC_DYNAMIC_NO_PIC = NO;
				GCC_NO_COMMON_BLOCKS = YES;
				GCC_OPTIMIZATION_LEVEL = 0;
				GCC_PREPROCESSOR_DEFINITIONS = (
					"DEBUG=1",
					"$(inherited)",
				);
				GCC_WARN_64_TO_32_BIT_CONVERSION = YES;
				GCC_WARN_ABOUT_RETURN_TYPE = YES_ERROR;
				GCC_WARN_UNDECLARED_SELECTOR = YES;
				GCC_WARN_UNINITIALIZED_AUTOS = YES_AGGRESSIVE;
				GCC_WARN_UNUSED_FUNCTION = YES;
				GCC_WARN_UNUSED_VARIABLE = YES;
				IPHONEOS_DEPLOYMENT_TARGET = 13.0;
				MTL_ENABLE_DEBUG_INFO = INCLUDE_SOURCE;
				MTL_FAST_MATH = YES;
				ONLY_ACTIVE_ARCH = YES;
				SDKROOT = iphoneos;
				SWIFT_ACTIVE_COMPILATION_CONDITIONS = DEBUG;
				SWIFT_OPTIMIZATION_LEVEL = "-Onone";
			};
			name = Debug;
		};
		ADAA27C0231BBFB300365194 /* Release */ = {
			isa = XCBuildConfiguration;
			buildSettings = {
				ALWAYS_SEARCH_USER_PATHS = NO;
				CLANG_ANALYZER_NONNULL = YES;
				CLANG_ANALYZER_NUMBER_OBJECT_CONVERSION = YES_AGGRESSIVE;
				CLANG_CXX_LANGUAGE_STANDARD = "gnu++14";
				CLANG_CXX_LIBRARY = "libc++";
				CLANG_ENABLE_MODULES = YES;
				CLANG_ENABLE_OBJC_ARC = YES;
				CLANG_ENABLE_OBJC_WEAK = YES;
				CLANG_WARN_BLOCK_CAPTURE_AUTORELEASING = YES;
				CLANG_WARN_BOOL_CONVERSION = YES;
				CLANG_WARN_COMMA = YES;
				CLANG_WARN_CONSTANT_CONVERSION = YES;
				CLANG_WARN_DEPRECATED_OBJC_IMPLEMENTATIONS = YES;
				CLANG_WARN_DIRECT_OBJC_ISA_USAGE = YES_ERROR;
				CLANG_WARN_DOCUMENTATION_COMMENTS = YES;
				CLANG_WARN_EMPTY_BODY = YES;
				CLANG_WARN_ENUM_CONVERSION = YES;
				CLANG_WARN_INFINITE_RECURSION = YES;
				CLANG_WARN_INT_CONVERSION = YES;
				CLANG_WARN_NON_LITERAL_NULL_CONVERSION = YES;
				CLANG_WARN_OBJC_IMPLICIT_RETAIN_SELF = YES;
				CLANG_WARN_OBJC_LITERAL_CONVERSION = YES;
				CLANG_WARN_OBJC_ROOT_CLASS = YES_ERROR;
				CLANG_WARN_QUOTED_INCLUDE_IN_FRAMEWORK_HEADER = YES;
				CLANG_WARN_RANGE_LOOP_ANALYSIS = YES;
				CLANG_WARN_STRICT_PROTOTYPES = YES;
				CLANG_WARN_SUSPICIOUS_MOVE = YES;
				CLANG_WARN_UNGUARDED_AVAILABILITY = YES_AGGRESSIVE;
				CLANG_WARN_UNREACHABLE_CODE = YES;
				CLANG_WARN__DUPLICATE_METHOD_MATCH = YES;
				COPY_PHASE_STRIP = NO;
				DEBUG_INFORMATION_FORMAT = "dwarf-with-dsym";
				ENABLE_NS_ASSERTIONS = NO;
				ENABLE_STRICT_OBJC_MSGSEND = YES;
				GCC_C_LANGUAGE_STANDARD = gnu11;
				GCC_NO_COMMON_BLOCKS = YES;
				GCC_WARN_64_TO_32_BIT_CONVERSION = YES;
				GCC_WARN_ABOUT_RETURN_TYPE = YES_ERROR;
				GCC_WARN_UNDECLARED_SELECTOR = YES;
				GCC_WARN_UNINITIALIZED_AUTOS = YES_AGGRESSIVE;
				GCC_WARN_UNUSED_FUNCTION = YES;
				GCC_WARN_UNUSED_VARIABLE = YES;
				IPHONEOS_DEPLOYMENT_TARGET = 13.0;
				MTL_ENABLE_DEBUG_INFO = NO;
				MTL_FAST_MATH = YES;
				SDKROOT = iphoneos;
				SWIFT_COMPILATION_MODE = wholemodule;
				SWIFT_OPTIMIZATION_LEVEL = "-O";
				VALIDATE_PRODUCT = YES;
			};
			name = Release;
		};
		ADAA27C2231BBFB300365194 /* Debug */ = {
			isa = XCBuildConfiguration;
			buildSettings = {
				ASSETCATALOG_COMPILER_APPICON_NAME = AppIcon;
				CODE_SIGN_STYLE = Automatic;
				INFOPLIST_FILE = Clima/Info.plist;
				LD_RUNPATH_SEARCH_PATHS = (
					"$(inherited)",
					"@executable_path/Frameworks",
				);
				PRODUCT_BUNDLE_IDENTIFIER = co.appbrewery.Clima;
				PRODUCT_NAME = "$(TARGET_NAME)";
				SWIFT_VERSION = 5.0;
				TARGETED_DEVICE_FAMILY = "1,2";
			};
			name = Debug;
		};
		ADAA27C3231BBFB300365194 /* Release */ = {
			isa = XCBuildConfiguration;
			buildSettings = {
				ASSETCATALOG_COMPILER_APPICON_NAME = AppIcon;
				CODE_SIGN_STYLE = Automatic;
				INFOPLIST_FILE = Clima/Info.plist;
				LD_RUNPATH_SEARCH_PATHS = (
					"$(inherited)",
					"@executable_path/Frameworks",
				);
				PRODUCT_BUNDLE_IDENTIFIER = co.appbrewery.Clima;
				PRODUCT_NAME = "$(TARGET_NAME)";
				SWIFT_VERSION = 5.0;
				TARGETED_DEVICE_FAMILY = "1,2";
			};
			name = Release;
		};
/* End XCBuildConfiguration section */

/* Begin XCConfigurationList section */
		ADAA27A8231BBFAF00365194 /* Build configuration list for PBXProject "Clima" */ = {
			isa = XCConfigurationList;
			buildConfigurations = (
				ADAA27BF231BBFB300365194 /* Debug */,
				ADAA27C0231BBFB300365194 /* Release */,
			);
			defaultConfigurationIsVisible = 0;
			defaultConfigurationName = Release;
		};
		ADAA27C1231BBFB300365194 /* Build configuration list for PBXNativeTarget "Clima" */ = {
			isa = XCConfigurationList;
			buildConfigurations = (
				ADAA27C2231BBFB300365194 /* Debug */,
				ADAA27C3231BBFB300365194 /* Release */,
			);
			defaultConfigurationIsVisible = 0;
			defaultConfigurationName = Release;
		};
/* End XCConfigurationList section */

/* Begin XCRemoteSwiftPackageReference section */
		E629D06F266F740800F8EDD9 /* XCRemoteSwiftPackageReference "AutolayoutExtensions" */ = {
			isa = XCRemoteSwiftPackageReference;
			repositoryURL = "https://github.com/AdanVitor/AutolayoutExtensions.git";
			requirement = {
				kind = upToNextMajorVersion;
				minimumVersion = 3.2.1;
			};
		};
		E689DB272677688600E6E635 /* XCRemoteSwiftPackageReference "NetworkLibrary" */ = {
			isa = XCRemoteSwiftPackageReference;
			repositoryURL = "https://github.com/AdanVitor/NetworkLibrary.git";
			requirement = {
				kind = upToNextMajorVersion;
				minimumVersion = "1.0.0-alpha";
			};
		};
/* End XCRemoteSwiftPackageReference section */

/* Begin XCSwiftPackageProductDependency section */
		E629D070266F740800F8EDD9 /* AutolayoutExtensions */ = {
			isa = XCSwiftPackageProductDependency;
			package = E629D06F266F740800F8EDD9 /* XCRemoteSwiftPackageReference "AutolayoutExtensions" */;
			productName = AutolayoutExtensions;
		};
		E689DB282677688600E6E635 /* NetworkLibrary */ = {
			isa = XCSwiftPackageProductDependency;
			package = E689DB272677688600E6E635 /* XCRemoteSwiftPackageReference "NetworkLibrary" */;
			productName = NetworkLibrary;
		};
/* End XCSwiftPackageProductDependency section */
	};
	rootObject = ADAA27A5231BBFAF00365194 /* Project object */;
}
